{
    "_meta": {
        "hash": {
            "sha256": "c02fdd9cf914d0ce7944f8ddcb629024358e46ebd650f8688670406b2f93e701"
        },
        "pipfile-spec": 6,
        "requires": {
            "python_version": "3.6"
        },
        "sources": [
            {
                "name": "pypi",
                "url": "https://pypi.org/simple",
                "verify_ssl": true
            }
        ]
    },
    "default": {
        "parse": {
            "hashes": [
                "sha256:9dd6048ea212cd032a342f9f6aa2b7bc222f7407c7e37bdc2777fecd36897437"
            ],
            "index": "pypi",
            "version": "==1.9.0"
        }
    },
    "develop": {}
}
